{
  "requires": true,
  "lockfileVersion": 1,
  "dependencies": {
    "@babel/runtime": {
      "version": "7.14.5",
      "resolved": "https://registry.nlark.com/@babel/runtime/download/@babel/runtime-7.14.5.tgz",
      "integrity": "sha1-ZlRQkRxgMa84+B21MPOH7ATNmpg=",
      "dev": true,
      "requires": {
        "regenerator-runtime": "^0.13.4"
      }
    },
    "mini-ali-ui": {
      "version": "1.3.7",
      "resolved": "https://registry.nlark.com/mini-ali-ui/download/mini-ali-ui-1.3.7.tgz",
      "integrity": "sha1-GdrH4LtYhQZoNa0TDDfRDmJ3zR0=",
      "dev": true,
      "requires": {
        "@babel/runtime": "^7.11.2"
      }
    },
    "regenerator-runtime": {
      "version": "0.13.7",
      "resolved": "https://registry.nlark.com/regenerator-runtime/download/regenerator-runtime-0.13.7.tgz",
      "integrity": "sha1-ysLazIoepnX+qrrriugziYrkb1U=",
      "dev": true
    }
  }
}
